
Microsoft Visual Studio Solution File, Format Version 12.00
# Visual Studio Version 17
VisualStudioVersion = 17.9.34622.214
MinimumVisualStudioVersion = 10.0.40219.1
Project("{FAE04EC0-301F-11D3-BF4B-00C04F79EFBC}") = "CP2-.NET", "CP2-.NET.csproj", "{DF6B3745-F580-4E06-BB93-3F10587D315F}"
EndProject
Global
	GlobalSection(SolutionConfigurationPlatforms) = preSolution
		Debug|Any CPU = Debug|Any CPU
		Release|Any CPU = Release|Any CPU
	EndGlobalSection
	GlobalSection(ProjectConfigurationPlatforms) = postSolution
		{DF6B3745-F580-4E06-BB93-3F10587D315F}.Debug|Any CPU.ActiveCfg = Debug|Any CPU
		{DF6B3745-F580-4E06-BB93-3F10587D315F}.Debug|Any CPU.Build.0 = Debug|Any CPU
		{DF6B3745-F580-4E06-BB93-3F10587D315F}.Release|Any CPU.ActiveCfg = Release|Any CPU
		{DF6B3745-F580-4E06-BB93-3F10587D315F}.Release|Any CPU.Build.0 = Release|Any CPU
	EndGlobalSection
	GlobalSection(SolutionProperties) = preSolution
		HideSolutionNode = FALSE
	EndGlobalSection
	GlobalSection(ExtensibilityGlobals) = postSolution
		SolutionGuid = {075B0776-92E4-41A3-9CC4-32713E899FA6}
	EndGlobalSection
EndGlobal
